<?xml version="1.0" encoding="utf-8"?>
<Project ToolsVersion="4.0" xmlns="http://schemas.microsoft.com/developer/msbuild/2003">
  <ItemGroup>
    <Filter Include="Исходные файлы">
      <UniqueIdentifier>{4FC737F1-C7A5-4376-A066-2A32D752A2FF}</UniqueIdentifier>
      <Extensions>cpp;c;cc;cxx;c++;cppm;ixx;def;odl;idl;hpj;bat;asm;asmx</Extensions>
    </Filter>
    <Filter Include="Файлы заголовков">
      <UniqueIdentifier>{93995380-89BD-4b04-88EB-625FBE52EBFB}</UniqueIdentifier>
      <Extensions>h;hh;hpp;hxx;h++;hm;inl;inc;ipp;xsd</Extensions>
    </Filter>
    <Filter Include="Файлы ресурсов">
      <UniqueIdentifier>{67DA6AB6-F800-4c08-8B7A-83BB121AAD01}</UniqueIdentifier>
      <Extensions>rc;ico;cur;bmp;dlg;rc2;rct;bin;rgs;gif;jpg;jpeg;jpe;resx;tiff;tif;png;wav;mfcribbon-ms</Extensions>
    </Filter>
    <Filter Include="Файлы заголовков\Structs">
      <UniqueIdentifier>{281e9d14-b14d-40b4-a8f2-720d8a8f8811}</UniqueIdentifier>
    </Filter>
    <Filter Include="Файлы заголовков\DepthTest">
      <UniqueIdentifier>{8272355f-2d5b-4a7b-8f28-bdc3d1ad57eb}</UniqueIdentifier>
    </Filter>
    <Filter Include="Исходные файлы\Core">
      <UniqueIdentifier>{119b4fbc-1657-4db3-b81e-a460af3377d8}</UniqueIdentifier>
    </Filter>
    <Filter Include="Файлы заголовков\Core">
      <UniqueIdentifier>{0cdab83e-0162-4dd3-94ce-0de5b541266c}</UniqueIdentifier>
    </Filter>
    <Filter Include="Исходные файлы\Core\Calib">
      <UniqueIdentifier>{f863449a-369a-42d4-81bc-7017e74c7546}</UniqueIdentifier>
    </Filter>
    <Filter Include="Файлы заголовков\Core\Calib">
      <UniqueIdentifier>{dc4dee8f-3a5c-4ece-a22d-01b387316569}</UniqueIdentifier>
    </Filter>
    <Filter Include="Файлы заголовков\Core\Detect">
      <UniqueIdentifier>{757e2680-1c38-4ee8-b857-30a5e015be20}</UniqueIdentifier>
    </Filter>
    <Filter Include="Исходные файлы\Core\Detect">
      <UniqueIdentifier>{a7a25dcf-a6aa-41ee-9244-649d704eaee4}</UniqueIdentifier>
    </Filter>
  </ItemGroup>
  <ItemGroup>
    <ClCompile Include="main.cpp">
      <Filter>Исходные файлы</Filter>
    </ClCompile>
    <ClCompile Include="MainProcessor.cpp">
      <Filter>Исходные файлы</Filter>
    </ClCompile>
    <ClCompile Include="MainSettings.cpp">
      <Filter>Исходные файлы</Filter>
    </ClCompile>
    <ClCompile Include="SceneSettings.cpp">
      <Filter>Исходные файлы</Filter>
    </ClCompile>
    <ClCompile Include="CachedCameraCalibrate.cpp">
      <Filter>Исходные файлы\Core\Calib</Filter>
    </ClCompile>
    <ClCompile Include="CachedStereoCameraCalibrate.cpp">
      <Filter>Исходные файлы\Core\Calib</Filter>
    </ClCompile>
    <ClCompile Include="CameraCalibrate.cpp">
      <Filter>Исходные файлы\Core\Calib</Filter>
    </ClCompile>
    <ClCompile Include="InitUndistortRectifyMap.cpp">
      <Filter>Исходные файлы\Core\Calib</Filter>
    </ClCompile>
    <ClCompile Include="StereoCameraCalibrate.cpp">
      <Filter>Исходные файлы\Core\Calib</Filter>
    </ClCompile>
    <ClCompile Include="StereoRectify.cpp">
      <Filter>Исходные файлы\Core\Calib</Filter>
    </ClCompile>
    <ClCompile Include="FullStereoCalibration.cpp">
      <Filter>Исходные файлы\Core\Calib</Filter>
    </ClCompile>
    <ClCompile Include="DnnHumanPoseDetector.cpp">
      <Filter>Исходные файлы\Core\Detect</Filter>
    </ClCompile>
    <ClCompile Include="Application.cpp">
      <Filter>Исходные файлы</Filter>
    </ClCompile>
    <ClCompile Include="MotionCapter.cpp">
      <Filter>Исходные файлы</Filter>
    </ClCompile>
  </ItemGroup>
  <ItemGroup>
    <ClInclude Include="MainProcessor.h">
      <Filter>Файлы заголовков</Filter>
    </ClInclude>
    <ClInclude Include="MainSettings.h">
      <Filter>Файлы заголовков</Filter>
    </ClInclude>
    <ClInclude Include="SceneSettings.h">
      <Filter>Файлы заголовков</Filter>
    </ClInclude>
    <ClInclude Include="ITask.h">
      <Filter>Файлы заголовков</Filter>
    </ClInclude>
    <ClInclude Include="IFileCached.h">
      <Filter>Файлы заголовков</Filter>
    </ClInclude>
    <ClInclude Include="Vec3.h">
      <Filter>Файлы заголовков\Structs</Filter>
    </ClInclude>
    <ClInclude Include="NamePosition.h">
      <Filter>Файлы заголовков\DepthTest</Filter>
    </ClInclude>
    <ClInclude Include="JsonHelper.h">
      <Filter>Файлы заголовков</Filter>
    </ClInclude>
    <ClInclude Include="CachedCameraCalibrate.h">
      <Filter>Файлы заголовков\Core\Calib</Filter>
    </ClInclude>
    <ClInclude Include="CachedStereoCameraCalibrate.h">
      <Filter>Файлы заголовков\Core\Calib</Filter>
    </ClInclude>
    <ClInclude Include="CameraCalibrate.h">
      <Filter>Файлы заголовков\Core\Calib</Filter>
    </ClInclude>
    <ClInclude Include="InitUndistortRectifyMap.h">
      <Filter>Файлы заголовков\Core\Calib</Filter>
    </ClInclude>
    <ClInclude Include="StereoCameraCalibrate.h">
      <Filter>Файлы заголовков\Core\Calib</Filter>
    </ClInclude>
    <ClInclude Include="StereoRectify.h">
      <Filter>Файлы заголовков\Core\Calib</Filter>
    </ClInclude>
    <ClInclude Include="FullStereoCalibration.h">
      <Filter>Файлы заголовков\Core\Calib</Filter>
    </ClInclude>
    <ClInclude Include="DnnHumanPoseDetector.h">
      <Filter>Файлы заголовков\Core\Detect</Filter>
    </ClInclude>
    <ClInclude Include="Application.h">
      <Filter>Файлы заголовков</Filter>
    </ClInclude>
    <ClInclude Include="MotionCapter.h">
      <Filter>Файлы заголовков</Filter>
    </ClInclude>
    <ClInclude Include="Keypoint.h">
      <Filter>Файлы заголовков\Structs</Filter>
    </ClInclude>
  </ItemGroup>
</Project>